// !$*UTF8*$!
{
	archiveVersion = 1;
	classes = {
	};
	objectVersion = 46;
	objects = {

/* Begin PBXBuildFile section */
		F1011C6419C5F45A00602446 /* camera.cpp in Sources */ = {isa = PBXBuildFile; fileRef = F1011C6219C5F45A00602446 /* camera.cpp */; };
		F1011C6719C68C6700602446 /* scene.cpp in Sources */ = {isa = PBXBuildFile; fileRef = F1011C6519C68C6700602446 /* scene.cpp */; };
		F1011C6F19C6954100602446 /* lineFragment.glsl in CopyFiles */ = {isa = PBXBuildFile; fileRef = F1011C6B19C6953900602446 /* lineFragment.glsl */; };
		F1011C7019C6954100602446 /* lineVertex.glsl in CopyFiles */ = {isa = PBXBuildFile; fileRef = F1011C6C19C6953900602446 /* lineVertex.glsl */; };
		F1011C7119C6954100602446 /* planetFragment.glsl in CopyFiles */ = {isa = PBXBuildFile; fileRef = F1011C6D19C6953900602446 /* planetFragment.glsl */; };
		F1011C7219C6954100602446 /* planetVertex.glsl in CopyFiles */ = {isa = PBXBuildFile; fileRef = F1011C6E19C6953900602446 /* planetVertex.glsl */; };
		F1011C7519C7F0C700602446 /* orbit.cpp in Sources */ = {isa = PBXBuildFile; fileRef = F1011C7319C7F0C700602446 /* orbit.cpp */; };
		F1011C7719C7F17200602446 /* includes.cpp in Sources */ = {isa = PBXBuildFile; fileRef = F1011C7619C7F17200602446 /* includes.cpp */; };
		F111F26B19D48F8C00DD4439 /* text.cpp in Sources */ = {isa = PBXBuildFile; fileRef = F111F26919D48F8C00DD4439 /* text.cpp */; };
		F111F26E19D9E94200DD4439 /* input.cpp in Sources */ = {isa = PBXBuildFile; fileRef = F111F26C19D9E94200DD4439 /* input.cpp */; };
		F151168C19DE1FE50018635B /* gameLogic.cpp in Sources */ = {isa = PBXBuildFile; fileRef = F151168A19DE1FE50018635B /* gameLogic.cpp */; };
		F159FF4D18DA86650003FF56 /* libglfw3.a in Frameworks */ = {isa = PBXBuildFile; fileRef = F1B3C67C18D9396300971791 /* libglfw3.a */; };
		F15D70DE19CFD303008F6573 /* spatial.cpp in Sources */ = {isa = PBXBuildFile; fileRef = F15D70DC19CFD303008F6573 /* spatial.cpp */; };
		F15E8E9C19BD406B003E566C /* ogl.cpp in Sources */ = {isa = PBXBuildFile; fileRef = F15E8E9A19BD406B003E566C /* ogl.cpp */; };
		F15E8EA519BD4696003E566C /* GLPrimitiveRenderer.cpp in Sources */ = {isa = PBXBuildFile; fileRef = F15E8EA019BD4696003E566C /* GLPrimitiveRenderer.cpp */; };
		F15E8EA619BD4696003E566C /* LoadShader.cpp in Sources */ = {isa = PBXBuildFile; fileRef = F15E8EA219BD4696003E566C /* LoadShader.cpp */; };
		F15E8EB919BD47C9003E566C /* fontstash.cpp in Sources */ = {isa = PBXBuildFile; fileRef = F15E8EB319BD47C9003E566C /* fontstash.cpp */; };
		F15E8EBA19BD47C9003E566C /* opengl_fontstashcallbacks.cpp in Sources */ = {isa = PBXBuildFile; fileRef = F15E8EB519BD47C9003E566C /* opengl_fontstashcallbacks.cpp */; };
		F1B3C67418D935EC00971791 /* main.cpp in Sources */ = {isa = PBXBuildFile; fileRef = F1B3C67318D935EC00971791 /* main.cpp */; };
		F1B3C67618D935EC00971791 /* GLFW3_test.1 in CopyFiles */ = {isa = PBXBuildFile; fileRef = F1B3C67518D935EC00971791 /* GLFW3_test.1 */; };
		F1B3C67F18D9397400971791 /* IOKit.framework in Frameworks */ = {isa = PBXBuildFile; fileRef = F1B3C67E18D9397400971791 /* IOKit.framework */; };
		F1B3C68118D9397B00971791 /* Cocoa.framework in Frameworks */ = {isa = PBXBuildFile; fileRef = F1B3C68018D9397B00971791 /* Cocoa.framework */; };
		F1B3C68318D9398100971791 /* OpenGL.framework in Frameworks */ = {isa = PBXBuildFile; fileRef = F1B3C68218D9398100971791 /* OpenGL.framework */; };
		F1B3C68518D93A5C00971791 /* QuartzCore.framework in Frameworks */ = {isa = PBXBuildFile; fileRef = F1B3C68418D93A5C00971791 /* QuartzCore.framework */; };
		F1BB301219C1DB9200E349FE /* rk547m.cpp in Sources */ = {isa = PBXBuildFile; fileRef = F1BB301019C1DB9200E349FE /* rk547m.cpp */; };
		F1C8EFBB19CD2CA3008CCC90 /* shipVertex.glsl in CopyFiles */ = {isa = PBXBuildFile; fileRef = F1C8EFB719CD2B5B008CCC90 /* shipVertex.glsl */; };
		F1C8EFBC19CD2CA3008CCC90 /* shipFragment.glsl in CopyFiles */ = {isa = PBXBuildFile; fileRef = F1C8EFB819CD2B69008CCC90 /* shipFragment.glsl */; };
		F1C8EFBD19CD2CAA008CCC90 /* jet.obj in CopyFiles */ = {isa = PBXBuildFile; fileRef = F1C8EFBA19CD2C86008CCC90 /* jet.obj */; };
		F1C8EFC019CE1B26008CCC90 /* tiny_obj_loader.cc in Sources */ = {isa = PBXBuildFile; fileRef = F1C8EFBE19CE1B26008CCC90 /* tiny_obj_loader.cc */; };
		F1FDDCFA19BE68D4009CFEB0 /* GLError.cpp in Sources */ = {isa = PBXBuildFile; fileRef = F1FDDCF819BE68D4009CFEB0 /* GLError.cpp */; };
/* End PBXBuildFile section */

/* Begin PBXCopyFilesBuildPhase section */
		F1B3C66E18D935EC00971791 /* CopyFiles */ = {
			isa = PBXCopyFilesBuildPhase;
			buildActionMask = 12;
			dstPath = "";
			dstSubfolderSpec = 16;
			files = (
				F1C8EFBD19CD2CAA008CCC90 /* jet.obj in CopyFiles */,
				F1C8EFBB19CD2CA3008CCC90 /* shipVertex.glsl in CopyFiles */,
				F1C8EFBC19CD2CA3008CCC90 /* shipFragment.glsl in CopyFiles */,
				F1011C6F19C6954100602446 /* lineFragment.glsl in CopyFiles */,
				F1011C7019C6954100602446 /* lineVertex.glsl in CopyFiles */,
				F1011C7119C6954100602446 /* planetFragment.glsl in CopyFiles */,
				F1011C7219C6954100602446 /* planetVertex.glsl in CopyFiles */,
				F1B3C67618D935EC00971791 /* GLFW3_test.1 in CopyFiles */,
			);
			runOnlyForDeploymentPostprocessing = 0;
		};
/* End PBXCopyFilesBuildPhase section */

/* Begin PBXFileReference section */
		F1011C6219C5F45A00602446 /* camera.cpp */ = {isa = PBXFileReference; fileEncoding = 4; lastKnownFileType = sourcecode.cpp.cpp; path = camera.cpp; sourceTree = "<group>"; };
		F1011C6319C5F45A00602446 /* camera.h */ = {isa = PBXFileReference; fileEncoding = 4; lastKnownFileType = sourcecode.c.h; path = camera.h; sourceTree = "<group>"; };
		F1011C6519C68C6700602446 /* scene.cpp */ = {isa = PBXFileReference; fileEncoding = 4; lastKnownFileType = sourcecode.cpp.cpp; path = scene.cpp; sourceTree = "<group>"; };
		F1011C6619C68C6700602446 /* scene.h */ = {isa = PBXFileReference; fileEncoding = 4; lastKnownFileType = sourcecode.c.h; path = scene.h; sourceTree = "<group>"; };
		F1011C6B19C6953900602446 /* lineFragment.glsl */ = {isa = PBXFileReference; fileEncoding = 4; lastKnownFileType = text; name = lineFragment.glsl; path = glsl/lineFragment.glsl; sourceTree = "<group>"; };
		F1011C6C19C6953900602446 /* lineVertex.glsl */ = {isa = PBXFileReference; fileEncoding = 4; lastKnownFileType = text; name = lineVertex.glsl; path = glsl/lineVertex.glsl; sourceTree = "<group>"; };
		F1011C6D19C6953900602446 /* planetFragment.glsl */ = {isa = PBXFileReference; fileEncoding = 4; lastKnownFileType = text; name = planetFragment.glsl; path = glsl/planetFragment.glsl; sourceTree = "<group>"; };
		F1011C6E19C6953900602446 /* planetVertex.glsl */ = {isa = PBXFileReference; fileEncoding = 4; lastKnownFileType = text; name = planetVertex.glsl; path = glsl/planetVertex.glsl; sourceTree = "<group>"; };
		F1011C7319C7F0C700602446 /* orbit.cpp */ = {isa = PBXFileReference; fileEncoding = 4; lastKnownFileType = sourcecode.cpp.cpp; path = orbit.cpp; sourceTree = "<group>"; };
		F1011C7419C7F0C700602446 /* orbit.h */ = {isa = PBXFileReference; fileEncoding = 4; lastKnownFileType = sourcecode.c.h; path = orbit.h; sourceTree = "<group>"; };
		F1011C7619C7F17200602446 /* includes.cpp */ = {isa = PBXFileReference; fileEncoding = 4; lastKnownFileType = sourcecode.cpp.cpp; path = includes.cpp; sourceTree = "<group>"; };
		F111F26919D48F8C00DD4439 /* text.cpp */ = {isa = PBXFileReference; fileEncoding = 4; lastKnownFileType = sourcecode.cpp.cpp; path = text.cpp; sourceTree = "<group>"; };
		F111F26A19D48F8C00DD4439 /* text.h */ = {isa = PBXFileReference; fileEncoding = 4; lastKnownFileType = sourcecode.c.h; path = text.h; sourceTree = "<group>"; };
		F111F26C19D9E94200DD4439 /* input.cpp */ = {isa = PBXFileReference; fileEncoding = 4; lastKnownFileType = sourcecode.cpp.cpp; path = input.cpp; sourceTree = "<group>"; };
		F111F26D19D9E94200DD4439 /* input.h */ = {isa = PBXFileReference; fileEncoding = 4; lastKnownFileType = sourcecode.c.h; path = input.h; sourceTree = "<group>"; };
		F151168A19DE1FE50018635B /* gameLogic.cpp */ = {isa = PBXFileReference; fileEncoding = 4; lastKnownFileType = sourcecode.cpp.cpp; path = gameLogic.cpp; sourceTree = "<group>"; };
		F151168B19DE1FE50018635B /* gameLogic.h */ = {isa = PBXFileReference; fileEncoding = 4; lastKnownFileType = sourcecode.c.h; path = gameLogic.h; sourceTree = "<group>"; };
		F15D70DC19CFD303008F6573 /* spatial.cpp */ = {isa = PBXFileReference; fileEncoding = 4; lastKnownFileType = sourcecode.cpp.cpp; path = spatial.cpp; sourceTree = "<group>"; };
		F15D70DD19CFD303008F6573 /* spatial.h */ = {isa = PBXFileReference; fileEncoding = 4; lastKnownFileType = sourcecode.c.h; path = spatial.h; sourceTree = "<group>"; };
		F15E8E9A19BD406B003E566C /* ogl.cpp */ = {isa = PBXFileReference; fileEncoding = 4; lastKnownFileType = sourcecode.cpp.cpp; path = ogl.cpp; sourceTree = "<group>"; };
		F15E8E9B19BD406B003E566C /* ogl.h */ = {isa = PBXFileReference; fileEncoding = 4; lastKnownFileType = sourcecode.c.h; path = ogl.h; sourceTree = "<group>"; };
		F15E8E9D19BD40C2003E566C /* includes.h */ = {isa = PBXFileReference; lastKnownFileType = sourcecode.c.h; path = includes.h; sourceTree = "<group>"; };
		F15E8E9F19BD4696003E566C /* GLPrimInternalData.h */ = {isa = PBXFileReference; fileEncoding = 4; lastKnownFileType = sourcecode.c.h; path = GLPrimInternalData.h; sourceTree = "<group>"; };
		F15E8EA019BD4696003E566C /* GLPrimitiveRenderer.cpp */ = {isa = PBXFileReference; fileEncoding = 4; lastKnownFileType = sourcecode.cpp.cpp; path = GLPrimitiveRenderer.cpp; sourceTree = "<group>"; };
		F15E8EA119BD4696003E566C /* GLPrimitiveRenderer.h */ = {isa = PBXFileReference; fileEncoding = 4; lastKnownFileType = sourcecode.c.h; path = GLPrimitiveRenderer.h; sourceTree = "<group>"; };
		F15E8EA219BD4696003E566C /* LoadShader.cpp */ = {isa = PBXFileReference; fileEncoding = 4; lastKnownFileType = sourcecode.cpp.cpp; path = LoadShader.cpp; sourceTree = "<group>"; };
		F15E8EA319BD4696003E566C /* LoadShader.h */ = {isa = PBXFileReference; fileEncoding = 4; lastKnownFileType = sourcecode.c.h; path = LoadShader.h; sourceTree = "<group>"; };
		F15E8EA419BD4696003E566C /* OpenGLInclude.h */ = {isa = PBXFileReference; fileEncoding = 4; lastKnownFileType = sourcecode.c.h; path = OpenGLInclude.h; sourceTree = "<group>"; };
		F15E8EB319BD47C9003E566C /* fontstash.cpp */ = {isa = PBXFileReference; fileEncoding = 4; lastKnownFileType = sourcecode.cpp.cpp; path = fontstash.cpp; sourceTree = "<group>"; };
		F15E8EB419BD47C9003E566C /* fontstash.h */ = {isa = PBXFileReference; fileEncoding = 4; lastKnownFileType = sourcecode.c.h; path = fontstash.h; sourceTree = "<group>"; };
		F15E8EB519BD47C9003E566C /* opengl_fontstashcallbacks.cpp */ = {isa = PBXFileReference; fileEncoding = 4; lastKnownFileType = sourcecode.cpp.cpp; path = opengl_fontstashcallbacks.cpp; sourceTree = "<group>"; };
		F15E8EB619BD47C9003E566C /* opengl_fontstashcallbacks.h */ = {isa = PBXFileReference; fileEncoding = 4; lastKnownFileType = sourcecode.c.h; path = opengl_fontstashcallbacks.h; sourceTree = "<group>"; };
		F15E8EB719BD47C9003E566C /* stb_image_write.h */ = {isa = PBXFileReference; fileEncoding = 4; lastKnownFileType = sourcecode.c.h; path = stb_image_write.h; sourceTree = "<group>"; };
		F15E8EB819BD47C9003E566C /* stb_truetype.h */ = {isa = PBXFileReference; fileEncoding = 4; lastKnownFileType = sourcecode.c.h; path = stb_truetype.h; sourceTree = "<group>"; };
		F1B3C67018D935EC00971791 /* GLFW3_test */ = {isa = PBXFileReference; explicitFileType = "compiled.mach-o.executable"; includeInIndex = 0; path = GLFW3_test; sourceTree = BUILT_PRODUCTS_DIR; };
		F1B3C67318D935EC00971791 /* main.cpp */ = {isa = PBXFileReference; lastKnownFileType = sourcecode.cpp.cpp; path = main.cpp; sourceTree = "<group>"; };
		F1B3C67518D935EC00971791 /* GLFW3_test.1 */ = {isa = PBXFileReference; lastKnownFileType = text.man; path = GLFW3_test.1; sourceTree = "<group>"; };
		F1B3C67C18D9396300971791 /* libglfw3.a */ = {isa = PBXFileReference; lastKnownFileType = archive.ar; name = libglfw3.a; path = ../../../../../usr/local/lib/libglfw3.a; sourceTree = "<group>"; };
		F1B3C67E18D9397400971791 /* IOKit.framework */ = {isa = PBXFileReference; lastKnownFileType = wrapper.framework; name = IOKit.framework; path = System/Library/Frameworks/IOKit.framework; sourceTree = SDKROOT; };
		F1B3C68018D9397B00971791 /* Cocoa.framework */ = {isa = PBXFileReference; lastKnownFileType = wrapper.framework; name = Cocoa.framework; path = System/Library/Frameworks/Cocoa.framework; sourceTree = SDKROOT; };
		F1B3C68218D9398100971791 /* OpenGL.framework */ = {isa = PBXFileReference; lastKnownFileType = wrapper.framework; name = OpenGL.framework; path = System/Library/Frameworks/OpenGL.framework; sourceTree = SDKROOT; };
		F1B3C68418D93A5C00971791 /* QuartzCore.framework */ = {isa = PBXFileReference; lastKnownFileType = wrapper.framework; name = QuartzCore.framework; path = System/Library/Frameworks/QuartzCore.framework; sourceTree = SDKROOT; };
		F1BB301019C1DB9200E349FE /* rk547m.cpp */ = {isa = PBXFileReference; fileEncoding = 4; lastKnownFileType = sourcecode.cpp.cpp; path = rk547m.cpp; sourceTree = "<group>"; };
		F1BB301119C1DB9200E349FE /* rk547m.h */ = {isa = PBXFileReference; fileEncoding = 4; lastKnownFileType = sourcecode.c.h; path = rk547m.h; sourceTree = "<group>"; };
		F1C8EFB719CD2B5B008CCC90 /* shipVertex.glsl */ = {isa = PBXFileReference; fileEncoding = 4; lastKnownFileType = text; name = shipVertex.glsl; path = glsl/shipVertex.glsl; sourceTree = "<group>"; };
		F1C8EFB819CD2B69008CCC90 /* shipFragment.glsl */ = {isa = PBXFileReference; fileEncoding = 4; lastKnownFileType = text; name = shipFragment.glsl; path = glsl/shipFragment.glsl; sourceTree = "<group>"; };
		F1C8EFBA19CD2C86008CCC90 /* jet.obj */ = {isa = PBXFileReference; fileEncoding = 4; lastKnownFileType = text; path = jet.obj; sourceTree = "<group>"; };
		F1C8EFBE19CE1B26008CCC90 /* tiny_obj_loader.cc */ = {isa = PBXFileReference; fileEncoding = 4; lastKnownFileType = sourcecode.cpp.cpp; path = tiny_obj_loader.cc; sourceTree = "<group>"; };
		F1C8EFBF19CE1B26008CCC90 /* tiny_obj_loader.h */ = {isa = PBXFileReference; fileEncoding = 4; lastKnownFileType = sourcecode.c.h; path = tiny_obj_loader.h; sourceTree = "<group>"; };
		F1FDDCF819BE68D4009CFEB0 /* GLError.cpp */ = {isa = PBXFileReference; fileEncoding = 4; lastKnownFileType = sourcecode.cpp.cpp; path = GLError.cpp; sourceTree = "<group>"; };
		F1FDDCF919BE68D4009CFEB0 /* GLError.h */ = {isa = PBXFileReference; fileEncoding = 4; lastKnownFileType = sourcecode.c.h; path = GLError.h; sourceTree = "<group>"; };
/* End PBXFileReference section */

/* Begin PBXFrameworksBuildPhase section */
		F1B3C66D18D935EC00971791 /* Frameworks */ = {
			isa = PBXFrameworksBuildPhase;
			buildActionMask = 2147483647;
			files = (
				F159FF4D18DA86650003FF56 /* libglfw3.a in Frameworks */,
				F1B3C68518D93A5C00971791 /* QuartzCore.framework in Frameworks */,
				F1B3C68318D9398100971791 /* OpenGL.framework in Frameworks */,
				F1B3C68118D9397B00971791 /* Cocoa.framework in Frameworks */,
				F1B3C67F18D9397400971791 /* IOKit.framework in Frameworks */,
			);
			runOnlyForDeploymentPostprocessing = 0;
		};
/* End PBXFrameworksBuildPhase section */

/* Begin PBXGroup section */
		F1011C6919C6933D00602446 /* glsl */ = {
			isa = PBXGroup;
			children = (
				F1011C6B19C6953900602446 /* lineFragment.glsl */,
				F1011C6C19C6953900602446 /* lineVertex.glsl */,
				F1C8EFB719CD2B5B008CCC90 /* shipVertex.glsl */,
				F1C8EFB819CD2B69008CCC90 /* shipFragment.glsl */,
				F1011C6D19C6953900602446 /* planetFragment.glsl */,
				F1011C6E19C6953900602446 /* planetVertex.glsl */,
			);
			name = glsl;
			sourceTree = "<group>";
		};
		F15E8E9E19BD4696003E566C /* rendertest */ = {
			isa = PBXGroup;
			children = (
				F15E8E9F19BD4696003E566C /* GLPrimInternalData.h */,
				F15E8EA019BD4696003E566C /* GLPrimitiveRenderer.cpp */,
				F15E8EA119BD4696003E566C /* GLPrimitiveRenderer.h */,
				F15E8EA219BD4696003E566C /* LoadShader.cpp */,
				F15E8EA319BD4696003E566C /* LoadShader.h */,
				F15E8EA419BD4696003E566C /* OpenGLInclude.h */,
			);
			path = rendertest;
			sourceTree = "<group>";
		};
		F15E8EB219BD47C9003E566C /* fontstash */ = {
			isa = PBXGroup;
			children = (
				F15E8EB319BD47C9003E566C /* fontstash.cpp */,
				F15E8EB419BD47C9003E566C /* fontstash.h */,
				F15E8EB519BD47C9003E566C /* opengl_fontstashcallbacks.cpp */,
				F15E8EB619BD47C9003E566C /* opengl_fontstashcallbacks.h */,
				F15E8EB719BD47C9003E566C /* stb_image_write.h */,
				F15E8EB819BD47C9003E566C /* stb_truetype.h */,
			);
			path = fontstash;
			sourceTree = "<group>";
		};
		F1B3C66718D935EC00971791 = {
			isa = PBXGroup;
			children = (
				F1B3C68418D93A5C00971791 /* QuartzCore.framework */,
				F1B3C68218D9398100971791 /* OpenGL.framework */,
				F1B3C68018D9397B00971791 /* Cocoa.framework */,
				F1B3C67E18D9397400971791 /* IOKit.framework */,
				F1B3C67C18D9396300971791 /* libglfw3.a */,
				F1B3C67218D935EC00971791 /* GLFW3_test */,
				F1011C6919C6933D00602446 /* glsl */,
				F15E8E9E19BD4696003E566C /* rendertest */,
				F15E8EB219BD47C9003E566C /* fontstash */,
				F1B3C67118D935EC00971791 /* Products */,
				F1C8EFB919CD2C86008CCC90 /* assets */,
			);
			sourceTree = "<group>";
		};
		F1B3C67118D935EC00971791 /* Products */ = {
			isa = PBXGroup;
			children = (
				F1B3C67018D935EC00971791 /* GLFW3_test */,
			);
			name = Products;
			sourceTree = "<group>";
		};
		F1B3C67218D935EC00971791 /* GLFW3_test */ = {
			isa = PBXGroup;
			children = (
				F1B3C67318D935EC00971791 /* main.cpp */,
				F1011C6519C68C6700602446 /* scene.cpp */,
				F1011C6619C68C6700602446 /* scene.h */,
				F151168A19DE1FE50018635B /* gameLogic.cpp */,
				F151168B19DE1FE50018635B /* gameLogic.h */,
				F111F26C19D9E94200DD4439 /* input.cpp */,
				F111F26D19D9E94200DD4439 /* input.h */,
				F111F26919D48F8C00DD4439 /* text.cpp */,
				F111F26A19D48F8C00DD4439 /* text.h */,
				F15D70DC19CFD303008F6573 /* spatial.cpp */,
				F15D70DD19CFD303008F6573 /* spatial.h */,
				F1C8EFBE19CE1B26008CCC90 /* tiny_obj_loader.cc */,
				F1C8EFBF19CE1B26008CCC90 /* tiny_obj_loader.h */,
				F1BB301019C1DB9200E349FE /* rk547m.cpp */,
				F1BB301119C1DB9200E349FE /* rk547m.h */,
				F1011C6219C5F45A00602446 /* camera.cpp */,
				F1011C6319C5F45A00602446 /* camera.h */,
				F1011C7319C7F0C700602446 /* orbit.cpp */,
				F1011C7419C7F0C700602446 /* orbit.h */,
				F15E8E9A19BD406B003E566C /* ogl.cpp */,
				F15E8E9B19BD406B003E566C /* ogl.h */,
				F1011C7619C7F17200602446 /* includes.cpp */,
				F15E8E9D19BD40C2003E566C /* includes.h */,
				F1B3C67518D935EC00971791 /* GLFW3_test.1 */,
				F1FDDCF819BE68D4009CFEB0 /* GLError.cpp */,
				F1FDDCF919BE68D4009CFEB0 /* GLError.h */,
			);
			path = GLFW3_test;
			sourceTree = "<group>";
		};
		F1C8EFB919CD2C86008CCC90 /* assets */ = {
			isa = PBXGroup;
			children = (
				F1C8EFBA19CD2C86008CCC90 /* jet.obj */,
			);
			path = assets;
			sourceTree = "<group>";
		};
/* End PBXGroup section */

/* Begin PBXNativeTarget section */
		F1B3C66F18D935EC00971791 /* GLFW3_test */ = {
			isa = PBXNativeTarget;
			buildConfigurationList = F1B3C67918D935EC00971791 /* Build configuration list for PBXNativeTarget "GLFW3_test" */;
			buildPhases = (
				F1B3C66C18D935EC00971791 /* Sources */,
				F1B3C66D18D935EC00971791 /* Frameworks */,
				F1B3C66E18D935EC00971791 /* CopyFiles */,
			);
			buildRules = (
			);
			dependencies = (
			);
			name = GLFW3_test;
			productName = GLFW3_test;
			productReference = F1B3C67018D935EC00971791 /* GLFW3_test */;
			productType = "com.apple.product-type.tool";
		};
/* End PBXNativeTarget section */

/* Begin PBXProject section */
		F1B3C66818D935EC00971791 /* Project object */ = {
			isa = PBXProject;
			attributes = {
				LastUpgradeCheck = 0510;
				ORGANIZATIONNAME = "Si Li";
			};
			buildConfigurationList = F1B3C66B18D935EC00971791 /* Build configuration list for PBXProject "GLFW3_test" */;
			compatibilityVersion = "Xcode 3.2";
			developmentRegion = English;
			hasScannedForEncodings = 0;
			knownRegions = (
				en,
			);
			mainGroup = F1B3C66718D935EC00971791;
			productRefGroup = F1B3C67118D935EC00971791 /* Products */;
			projectDirPath = "";
			projectRoot = "";
			targets = (
				F1B3C66F18D935EC00971791 /* GLFW3_test */,
			);
		};
/* End PBXProject section */

/* Begin PBXSourcesBuildPhase section */
		F1B3C66C18D935EC00971791 /* Sources */ = {
			isa = PBXSourcesBuildPhase;
			buildActionMask = 2147483647;
			files = (
				F151168C19DE1FE50018635B /* gameLogic.cpp in Sources */,
				F1011C6719C68C6700602446 /* scene.cpp in Sources */,
				F15E8E9C19BD406B003E566C /* ogl.cpp in Sources */,
				F15E8EB919BD47C9003E566C /* fontstash.cpp in Sources */,
				F1FDDCFA19BE68D4009CFEB0 /* GLError.cpp in Sources */,
				F1011C7719C7F17200602446 /* includes.cpp in Sources */,
				F1B3C67418D935EC00971791 /* main.cpp in Sources */,
				F1011C6419C5F45A00602446 /* camera.cpp in Sources */,
				F1011C7519C7F0C700602446 /* orbit.cpp in Sources */,
				F111F26B19D48F8C00DD4439 /* text.cpp in Sources */,
				F15E8EA619BD4696003E566C /* LoadShader.cpp in Sources */,
				F111F26E19D9E94200DD4439 /* input.cpp in Sources */,
				F1BB301219C1DB9200E349FE /* rk547m.cpp in Sources */,
				F15E8EBA19BD47C9003E566C /* opengl_fontstashcallbacks.cpp in Sources */,
				F15E8EA519BD4696003E566C /* GLPrimitiveRenderer.cpp in Sources */,
				F15D70DE19CFD303008F6573 /* spatial.cpp in Sources */,
				F1C8EFC019CE1B26008CCC90 /* tiny_obj_loader.cc in Sources */,
			);
			runOnlyForDeploymentPostprocessing = 0;
		};
/* End PBXSourcesBuildPhase section */

/* Begin XCBuildConfiguration section */
		F1B3C67718D935EC00971791 /* Debug */ = {
			isa = XCBuildConfiguration;
			buildSettings = {
				ALWAYS_SEARCH_USER_PATHS = NO;
				CLANG_CXX_LANGUAGE_STANDARD = "gnu++0x";
				CLANG_CXX_LIBRARY = "libc++";
				CLANG_ENABLE_MODULES = YES;
				CLANG_ENABLE_OBJC_ARC = YES;
				CLANG_WARN_BOOL_CONVERSION = YES;
				CLANG_WARN_CONSTANT_CONVERSION = YES;
				CLANG_WARN_DIRECT_OBJC_ISA_USAGE = YES_ERROR;
				CLANG_WARN_EMPTY_BODY = YES;
				CLANG_WARN_ENUM_CONVERSION = YES;
				CLANG_WARN_INT_CONVERSION = YES;
				CLANG_WARN_OBJC_ROOT_CLASS = YES_ERROR;
				CLANG_WARN__DUPLICATE_METHOD_MATCH = YES;
				COPY_PHASE_STRIP = NO;
				GCC_C_LANGUAGE_STANDARD = gnu99;
				GCC_DYNAMIC_NO_PIC = NO;
				GCC_ENABLE_OBJC_EXCEPTIONS = YES;
				GCC_OPTIMIZATION_LEVEL = 0;
				GCC_PREPROCESSOR_DEFINITIONS = (
					"DEBUG=1",
					"$(inherited)",
				);
				GCC_SYMBOLS_PRIVATE_EXTERN = NO;
				GCC_WARN_64_TO_32_BIT_CONVERSION = YES;
				GCC_WARN_ABOUT_RETURN_TYPE = YES_ERROR;
				GCC_WARN_UNDECLARED_SELECTOR = YES;
				GCC_WARN_UNINITIALIZED_AUTOS = YES_AGGRESSIVE;
				GCC_WARN_UNUSED_FUNCTION = YES;
				GCC_WARN_UNUSED_VARIABLE = YES;
				MACOSX_DEPLOYMENT_TARGET = 10.9;
				ONLY_ACTIVE_ARCH = YES;
				SDKROOT = macosx;
			};
			name = Debug;
		};
		F1B3C67818D935EC00971791 /* Release */ = {
			isa = XCBuildConfiguration;
			buildSettings = {
				ALWAYS_SEARCH_USER_PATHS = NO;
				CLANG_CXX_LANGUAGE_STANDARD = "gnu++0x";
				CLANG_CXX_LIBRARY = "libc++";
				CLANG_ENABLE_MODULES = YES;
				CLANG_ENABLE_OBJC_ARC = YES;
				CLANG_WARN_BOOL_CONVERSION = YES;
				CLANG_WARN_CONSTANT_CONVERSION = YES;
				CLANG_WARN_DIRECT_OBJC_ISA_USAGE = YES_ERROR;
				CLANG_WARN_EMPTY_BODY = YES;
				CLANG_WARN_ENUM_CONVERSION = YES;
				CLANG_WARN_INT_CONVERSION = YES;
				CLANG_WARN_OBJC_ROOT_CLASS = YES_ERROR;
				CLANG_WARN__DUPLICATE_METHOD_MATCH = YES;
				COPY_PHASE_STRIP = YES;
				DEBUG_INFORMATION_FORMAT = "dwarf-with-dsym";
				ENABLE_NS_ASSERTIONS = NO;
				GCC_C_LANGUAGE_STANDARD = gnu99;
				GCC_ENABLE_OBJC_EXCEPTIONS = YES;
				GCC_WARN_64_TO_32_BIT_CONVERSION = YES;
				GCC_WARN_ABOUT_RETURN_TYPE = YES_ERROR;
				GCC_WARN_UNDECLARED_SELECTOR = YES;
				GCC_WARN_UNINITIALIZED_AUTOS = YES_AGGRESSIVE;
				GCC_WARN_UNUSED_FUNCTION = YES;
				GCC_WARN_UNUSED_VARIABLE = YES;
				MACOSX_DEPLOYMENT_TARGET = 10.9;
				SDKROOT = macosx;
			};
			name = Release;
		};
		F1B3C67A18D935EC00971791 /* Debug */ = {
			isa = XCBuildConfiguration;
			buildSettings = {
				ALWAYS_SEARCH_USER_PATHS = YES;
				HEADER_SEARCH_PATHS = (
					"$(SRCROOT)/lib/glm/",
					"$(SRCROOT)/lib/glew/include/",
					"$(inherited)",
					/Applications/Xcode.app/Contents/Developer/Toolchains/XcodeDefault.xctoolchain/usr/include,
					/usr/include/,
					/usr/local/include/,
					/usr/local/Cellar/glew/1.10.0/include,
				);
				LIBRARY_SEARCH_PATHS = (
					/usr/local/lib/,
					/usr/local/Cellar/glew/1.10.0/lib,
				);
				OTHER_CFLAGS = "-O0";
				OTHER_LDFLAGS = "-lGLEW";
				PRODUCT_NAME = "$(TARGET_NAME)";
			};
			name = Debug;
		};
		F1B3C67B18D935EC00971791 /* Release */ = {
			isa = XCBuildConfiguration;
			buildSettings = {
				ALWAYS_SEARCH_USER_PATHS = YES;
				HEADER_SEARCH_PATHS = (
					"$(SRCROOT)/lib/glm/",
					"$(SRCROOT)/lib/glew/include/",
					"$(inherited)",
					/Applications/Xcode.app/Contents/Developer/Toolchains/XcodeDefault.xctoolchain/usr/include,
					/usr/include/,
					/usr/local/include/,
					/usr/local/Cellar/glew/1.10.0/include,
				);
				LIBRARY_SEARCH_PATHS = (
					/usr/local/lib/,
					/usr/local/Cellar/glew/1.10.0/lib,
				);
				OTHER_CFLAGS = "-O0";
				OTHER_LDFLAGS = "-lGLEW";
				PRODUCT_NAME = "$(TARGET_NAME)";
			};
			name = Release;
		};
/* End XCBuildConfiguration section */

/* Begin XCConfigurationList section */
		F1B3C66B18D935EC00971791 /* Build configuration list for PBXProject "GLFW3_test" */ = {
			isa = XCConfigurationList;
			buildConfigurations = (
				F1B3C67718D935EC00971791 /* Debug */,
				F1B3C67818D935EC00971791 /* Release */,
			);
			defaultConfigurationIsVisible = 0;
			defaultConfigurationName = Release;
		};
		F1B3C67918D935EC00971791 /* Build configuration list for PBXNativeTarget "GLFW3_test" */ = {
			isa = XCConfigurationList;
			buildConfigurations = (
				F1B3C67A18D935EC00971791 /* Debug */,
				F1B3C67B18D935EC00971791 /* Release */,
			);
			defaultConfigurationIsVisible = 0;
			defaultConfigurationName = Release;
		};
/* End XCConfigurationList section */
	};
	rootObject = F1B3C66818D935EC00971791 /* Project object */;
}
