// !$*UTF8*$!
{
	archiveVersion = 1;
	classes = {
	};
	objectVersion = 46;
	objects = {

/* Begin PBXBuildFile section */
		F1011C6419C5F45A00602446 /* camera.cpp in Sources */ = {isa = PBXBuildFile; fileRef = F1011C6219C5F45A00602446 /* camera.cpp */; };
		F1011C6719C68C6700602446 /* scene.cpp in Sources */ = {isa = PBXBuildFile; fileRef = F1011C6519C68C6700602446 /* scene.cpp */; };
		F1011C6F19C6954100602446 /* lineFragment.glsl in CopyFiles */ = {isa = PBXBuildFile; fileRef = F1011C6B19C6953900602446 /* lineFragment.glsl */; };
		F1011C7019C6954100602446 /* lineVertex.glsl in CopyFiles */ = {isa = PBXBuildFile; fileRef = F1011C6C19C6953900602446 /* lineVertex.glsl */; };
		F1011C7119C6954100602446 /* planetFragment.glsl in CopyFiles */ = {isa = PBXBuildFile; fileRef = F1011C6D19C6953900602446 /* planetFragment.glsl */; };
		F1011C7219C6954100602446 /* planetVertex.glsl in CopyFiles */ = {isa = PBXBuildFile; fileRef = F1011C6E19C6953900602446 /* planetVertex.glsl */; };
		F1011C7719C7F17200602446 /* includes.cpp in Sources */ = {isa = PBXBuildFile; fileRef = F1011C7619C7F17200602446 /* includes.cpp */; };
		F111F26B19D48F8C00DD4439 /* text.cpp in Sources */ = {isa = PBXBuildFile; fileRef = F111F26919D48F8C00DD4439 /* text.cpp */; };
		F111F26E19D9E94200DD4439 /* input.cpp in Sources */ = {isa = PBXBuildFile; fileRef = F111F26C19D9E94200DD4439 /* input.cpp */; };
		F144C6D519E2DA9200C848B9 /* terran_corvette.obj in CopyFiles */ = {isa = PBXBuildFile; fileRef = F144C6D419E2DA8800C848B9 /* terran_corvette.obj */; };
		F144C6D719E3636600C848B9 /* DroidSerif-Regular.ttf in CopyFiles */ = {isa = PBXBuildFile; fileRef = F144C6D619E3636100C848B9 /* DroidSerif-Regular.ttf */; };
		F151168C19DE1FE50018635B /* gameLogic.cpp in Sources */ = {isa = PBXBuildFile; fileRef = F151168A19DE1FE50018635B /* gameLogic.cpp */; };
		F151168F19E1A8080018635B /* passthrough.vs in CopyFiles */ = {isa = PBXBuildFile; fileRef = F151168D19E17D690018635B /* passthrough.vs */; };
		F151169019E1A8080018635B /* wobblyTexture.fs in CopyFiles */ = {isa = PBXBuildFile; fileRef = F151168E19E17D690018635B /* wobblyTexture.fs */; };
		F151169219E2292A0018635B /* bloom.fs in CopyFiles */ = {isa = PBXBuildFile; fileRef = F151169119E228EC0018635B /* bloom.fs */; };
		F156D08E1A16D9AD00C26739 /* unitManager.cpp in Sources */ = {isa = PBXBuildFile; fileRef = F156D08C1A16D9AD00C26739 /* unitManager.cpp */; };
		F156D0901A1BA28900C26739 /* missile1.obj in CopyFiles */ = {isa = PBXBuildFile; fileRef = F156D08F1A1BA27A00C26739 /* missile1.obj */; };
		F156D0921A1BA86400C26739 /* terran_corvette_small.obj in CopyFiles */ = {isa = PBXBuildFile; fileRef = F156D0911A1BA85500C26739 /* terran_corvette_small.obj */; };
		F159FF4D18DA86650003FF56 /* libglfw3.a in Frameworks */ = {isa = PBXBuildFile; fileRef = F1B3C67C18D9396300971791 /* libglfw3.a */; };
		F15D70DE19CFD303008F6573 /* spatial.cpp in Sources */ = {isa = PBXBuildFile; fileRef = F15D70DC19CFD303008F6573 /* spatial.cpp */; };
		F15E8E9C19BD406B003E566C /* OGLShader.cpp in Sources */ = {isa = PBXBuildFile; fileRef = F15E8E9A19BD406B003E566C /* OGLShader.cpp */; };
		F15E8EA519BD4696003E566C /* GLPrimitiveRenderer.cpp in Sources */ = {isa = PBXBuildFile; fileRef = F15E8EA019BD4696003E566C /* GLPrimitiveRenderer.cpp */; };
		F15E8EA619BD4696003E566C /* LoadShader.cpp in Sources */ = {isa = PBXBuildFile; fileRef = F15E8EA219BD4696003E566C /* LoadShader.cpp */; };
		F15E8EB919BD47C9003E566C /* fontstash.cpp in Sources */ = {isa = PBXBuildFile; fileRef = F15E8EB319BD47C9003E566C /* fontstash.cpp */; };
		F15E8EBA19BD47C9003E566C /* opengl_fontstashcallbacks.cpp in Sources */ = {isa = PBXBuildFile; fileRef = F15E8EB519BD47C9003E566C /* opengl_fontstashcallbacks.cpp */; };
		F1764D8219ECDE2B0031443F /* simplePassThrough.vs in CopyFiles */ = {isa = PBXBuildFile; fileRef = F1764D8119ECDE250031443F /* simplePassThrough.vs */; };
		F19330AC1AA552E3009B42B0 /* globe.cpp in Sources */ = {isa = PBXBuildFile; fileRef = F19330AA1AA552E3009B42B0 /* globe.cpp */; };
		F19330AF1AA570EB009B42B0 /* orbit.cpp in Sources */ = {isa = PBXBuildFile; fileRef = F19330AD1AA570EB009B42B0 /* orbit.cpp */; };
		F19330BD1AABE6A5009B42B0 /* ecs.cpp in Sources */ = {isa = PBXBuildFile; fileRef = F19330BC1AABE6A5009B42B0 /* ecs.cpp */; };
		F193310B1AABECFF009B42B0 /* Entity.cc in Sources */ = {isa = PBXBuildFile; fileRef = F19330F41AABECFF009B42B0 /* Entity.cc */; };
		F193310D1AABECFF009B42B0 /* Event.cc in Sources */ = {isa = PBXBuildFile; fileRef = F19330F81AABECFF009B42B0 /* Event.cc */; };
		F193310F1AABECFF009B42B0 /* Pool.cc in Sources */ = {isa = PBXBuildFile; fileRef = F19330FD1AABECFF009B42B0 /* Pool.cc */; };
		F19331111AABECFF009B42B0 /* Timer.cc in Sources */ = {isa = PBXBuildFile; fileRef = F19331001AABECFF009B42B0 /* Timer.cc */; };
		F19331121AABECFF009B42B0 /* System.cc in Sources */ = {isa = PBXBuildFile; fileRef = F19331031AABECFF009B42B0 /* System.cc */; };
		F1B3C67418D935EC00971791 /* main.cpp in Sources */ = {isa = PBXBuildFile; fileRef = F1B3C67318D935EC00971791 /* main.cpp */; };
		F1B3C67618D935EC00971791 /* GLFW3_test.1 in CopyFiles */ = {isa = PBXBuildFile; fileRef = F1B3C67518D935EC00971791 /* GLFW3_test.1 */; };
		F1B3C67F18D9397400971791 /* IOKit.framework in Frameworks */ = {isa = PBXBuildFile; fileRef = F1B3C67E18D9397400971791 /* IOKit.framework */; };
		F1B3C68118D9397B00971791 /* Cocoa.framework in Frameworks */ = {isa = PBXBuildFile; fileRef = F1B3C68018D9397B00971791 /* Cocoa.framework */; };
		F1B3C68318D9398100971791 /* OpenGL.framework in Frameworks */ = {isa = PBXBuildFile; fileRef = F1B3C68218D9398100971791 /* OpenGL.framework */; };
		F1B3C68518D93A5C00971791 /* QuartzCore.framework in Frameworks */ = {isa = PBXBuildFile; fileRef = F1B3C68418D93A5C00971791 /* QuartzCore.framework */; };
		F1B68A2E19FADF970094CC41 /* composite.fs in CopyFiles */ = {isa = PBXBuildFile; fileRef = F1B68A2D19FADF8F0094CC41 /* composite.fs */; };
		F1BB301219C1DB9200E349FE /* rk547m.cpp in Sources */ = {isa = PBXBuildFile; fileRef = F1BB301019C1DB9200E349FE /* rk547m.cpp */; };
		F1C8EFBB19CD2CA3008CCC90 /* shipVertex.glsl in CopyFiles */ = {isa = PBXBuildFile; fileRef = F1C8EFB719CD2B5B008CCC90 /* shipVertex.glsl */; };
		F1C8EFBC19CD2CA3008CCC90 /* shipFragment.glsl in CopyFiles */ = {isa = PBXBuildFile; fileRef = F1C8EFB819CD2B69008CCC90 /* shipFragment.glsl */; };
		F1C8EFBD19CD2CAA008CCC90 /* jet.obj in CopyFiles */ = {isa = PBXBuildFile; fileRef = F1C8EFBA19CD2C86008CCC90 /* jet.obj */; };
		F1C8EFC019CE1B26008CCC90 /* tiny_obj_loader.cc in Sources */ = {isa = PBXBuildFile; fileRef = F1C8EFBE19CE1B26008CCC90 /* tiny_obj_loader.cc */; };
		F1CFAEE819FAC5F3007CB974 /* fxaa.fs in CopyFiles */ = {isa = PBXBuildFile; fileRef = F1D04FBE19FAC2A100B3520F /* fxaa.fs */; };
		F1CFAEE919FAC5F3007CB974 /* passthrough.fs in CopyFiles */ = {isa = PBXBuildFile; fileRef = F1D04FBD19FAC26B00B3520F /* passthrough.fs */; };
		F1D4680E1AA511CB00869C62 /* grid.cpp in Sources */ = {isa = PBXBuildFile; fileRef = F1D4680C1AA511CB00869C62 /* grid.cpp */; };
		F1DBBA1219F6758F0022F107 /* GPUTimer.cpp in Sources */ = {isa = PBXBuildFile; fileRef = F1DBBA1019F6758F0022F107 /* GPUTimer.cpp */; };
		F1EAC3411A07E124006B29CB /* square.obj in CopyFiles */ = {isa = PBXBuildFile; fileRef = F1EAC3401A07E110006B29CB /* square.obj */; };
		F1EAC3431A07E55B006B29CB /* square_bracket.obj in CopyFiles */ = {isa = PBXBuildFile; fileRef = F1EAC3421A07E547006B29CB /* square_bracket.obj */; };
		F1EAC3451A07E8FC006B29CB /* square_bracket2.obj in CopyFiles */ = {isa = PBXBuildFile; fileRef = F1EAC3441A07E8F1006B29CB /* square_bracket2.obj */; };
		F1EAC3481A081347006B29CB /* spriteVertex.glsl in CopyFiles */ = {isa = PBXBuildFile; fileRef = F1EAC3461A0811BD006B29CB /* spriteVertex.glsl */; };
		F1EAC3491A081347006B29CB /* spriteFragment.glsl in CopyFiles */ = {isa = PBXBuildFile; fileRef = F1EAC3471A0811D1006B29CB /* spriteFragment.glsl */; };
		F1EAC34C1A0B1DDB006B29CB /* unit.cpp in Sources */ = {isa = PBXBuildFile; fileRef = F1EAC34A1A0B1DDB006B29CB /* unit.cpp */; };
		F1EAC34F1A0BDE42006B29CB /* renderer.cpp in Sources */ = {isa = PBXBuildFile; fileRef = F1EAC34D1A0BDE42006B29CB /* renderer.cpp */; };
		F1F5236319E9D36D00B860DC /* highpass.fs in CopyFiles */ = {isa = PBXBuildFile; fileRef = F1F5236219E9D11D00B860DC /* highpass.fs */; };
		F1F5236519EA2F8D00B860DC /* depth.fs in CopyFiles */ = {isa = PBXBuildFile; fileRef = F1F5236419EA2F2E00B860DC /* depth.fs */; };
		F1FDDCFA19BE68D4009CFEB0 /* GLError.cpp in Sources */ = {isa = PBXBuildFile; fileRef = F1FDDCF819BE68D4009CFEB0 /* GLError.cpp */; };
/* End PBXBuildFile section */

/* Begin PBXCopyFilesBuildPhase section */
		F1B3C66E18D935EC00971791 /* CopyFiles */ = {
			isa = PBXCopyFilesBuildPhase;
			buildActionMask = 12;
			dstPath = "";
			dstSubfolderSpec = 16;
			files = (
				F156D0921A1BA86400C26739 /* terran_corvette_small.obj in CopyFiles */,
				F156D0901A1BA28900C26739 /* missile1.obj in CopyFiles */,
				F1EAC3481A081347006B29CB /* spriteVertex.glsl in CopyFiles */,
				F1EAC3491A081347006B29CB /* spriteFragment.glsl in CopyFiles */,
				F1EAC3451A07E8FC006B29CB /* square_bracket2.obj in CopyFiles */,
				F1EAC3431A07E55B006B29CB /* square_bracket.obj in CopyFiles */,
				F1EAC3411A07E124006B29CB /* square.obj in CopyFiles */,
				F1B68A2E19FADF970094CC41 /* composite.fs in CopyFiles */,
				F1CFAEE819FAC5F3007CB974 /* fxaa.fs in CopyFiles */,
				F1CFAEE919FAC5F3007CB974 /* passthrough.fs in CopyFiles */,
				F1764D8219ECDE2B0031443F /* simplePassThrough.vs in CopyFiles */,
				F1F5236519EA2F8D00B860DC /* depth.fs in CopyFiles */,
				F1F5236319E9D36D00B860DC /* highpass.fs in CopyFiles */,
				F144C6D719E3636600C848B9 /* DroidSerif-Regular.ttf in CopyFiles */,
				F144C6D519E2DA9200C848B9 /* terran_corvette.obj in CopyFiles */,
				F151169219E2292A0018635B /* bloom.fs in CopyFiles */,
				F151168F19E1A8080018635B /* passthrough.vs in CopyFiles */,
				F151169019E1A8080018635B /* wobblyTexture.fs in CopyFiles */,
				F1C8EFBD19CD2CAA008CCC90 /* jet.obj in CopyFiles */,
				F1C8EFBB19CD2CA3008CCC90 /* shipVertex.glsl in CopyFiles */,
				F1C8EFBC19CD2CA3008CCC90 /* shipFragment.glsl in CopyFiles */,
				F1011C6F19C6954100602446 /* lineFragment.glsl in CopyFiles */,
				F1011C7019C6954100602446 /* lineVertex.glsl in CopyFiles */,
				F1011C7119C6954100602446 /* planetFragment.glsl in CopyFiles */,
				F1011C7219C6954100602446 /* planetVertex.glsl in CopyFiles */,
				F1B3C67618D935EC00971791 /* GLFW3_test.1 in CopyFiles */,
			);
			runOnlyForDeploymentPostprocessing = 0;
		};
/* End PBXCopyFilesBuildPhase section */

/* Begin PBXFileReference section */
		F1011C6219C5F45A00602446 /* camera.cpp */ = {isa = PBXFileReference; fileEncoding = 4; lastKnownFileType = sourcecode.cpp.cpp; path = camera.cpp; sourceTree = "<group>"; };
		F1011C6319C5F45A00602446 /* camera.h */ = {isa = PBXFileReference; fileEncoding = 4; lastKnownFileType = sourcecode.c.h; path = camera.h; sourceTree = "<group>"; };
		F1011C6519C68C6700602446 /* scene.cpp */ = {isa = PBXFileReference; fileEncoding = 4; lastKnownFileType = sourcecode.cpp.cpp; path = scene.cpp; sourceTree = "<group>"; };
		F1011C6619C68C6700602446 /* scene.h */ = {isa = PBXFileReference; fileEncoding = 4; lastKnownFileType = sourcecode.c.h; path = scene.h; sourceTree = "<group>"; };
		F1011C6B19C6953900602446 /* lineFragment.glsl */ = {isa = PBXFileReference; fileEncoding = 4; lastKnownFileType = text; name = lineFragment.glsl; path = glsl/lineFragment.glsl; sourceTree = "<group>"; };
		F1011C6C19C6953900602446 /* lineVertex.glsl */ = {isa = PBXFileReference; fileEncoding = 4; lastKnownFileType = text; name = lineVertex.glsl; path = glsl/lineVertex.glsl; sourceTree = "<group>"; };
		F1011C6D19C6953900602446 /* planetFragment.glsl */ = {isa = PBXFileReference; fileEncoding = 4; lastKnownFileType = text; name = planetFragment.glsl; path = glsl/planetFragment.glsl; sourceTree = "<group>"; };
		F1011C6E19C6953900602446 /* planetVertex.glsl */ = {isa = PBXFileReference; fileEncoding = 4; lastKnownFileType = text; name = planetVertex.glsl; path = glsl/planetVertex.glsl; sourceTree = "<group>"; };
		F1011C7619C7F17200602446 /* includes.cpp */ = {isa = PBXFileReference; fileEncoding = 4; lastKnownFileType = sourcecode.cpp.cpp; path = includes.cpp; sourceTree = "<group>"; };
		F111F26919D48F8C00DD4439 /* text.cpp */ = {isa = PBXFileReference; fileEncoding = 4; lastKnownFileType = sourcecode.cpp.cpp; path = text.cpp; sourceTree = "<group>"; };
		F111F26A19D48F8C00DD4439 /* text.h */ = {isa = PBXFileReference; fileEncoding = 4; lastKnownFileType = sourcecode.c.h; path = text.h; sourceTree = "<group>"; };
		F111F26C19D9E94200DD4439 /* input.cpp */ = {isa = PBXFileReference; fileEncoding = 4; lastKnownFileType = sourcecode.cpp.cpp; path = input.cpp; sourceTree = "<group>"; };
		F111F26D19D9E94200DD4439 /* input.h */ = {isa = PBXFileReference; fileEncoding = 4; lastKnownFileType = sourcecode.c.h; path = input.h; sourceTree = "<group>"; };
		F144C6D419E2DA8800C848B9 /* terran_corvette.obj */ = {isa = PBXFileReference; fileEncoding = 4; lastKnownFileType = text; path = terran_corvette.obj; sourceTree = "<group>"; };
		F144C6D619E3636100C848B9 /* DroidSerif-Regular.ttf */ = {isa = PBXFileReference; lastKnownFileType = file; path = "DroidSerif-Regular.ttf"; sourceTree = "<group>"; };
		F151168A19DE1FE50018635B /* gameLogic.cpp */ = {isa = PBXFileReference; fileEncoding = 4; lastKnownFileType = sourcecode.cpp.cpp; path = gameLogic.cpp; sourceTree = "<group>"; };
		F151168B19DE1FE50018635B /* gameLogic.h */ = {isa = PBXFileReference; fileEncoding = 4; lastKnownFileType = sourcecode.c.h; path = gameLogic.h; sourceTree = "<group>"; };
		F151168D19E17D690018635B /* passthrough.vs */ = {isa = PBXFileReference; fileEncoding = 4; lastKnownFileType = sourcecode.glsl; name = passthrough.vs; path = glsl/passthrough.vs; sourceTree = "<group>"; };
		F151168E19E17D690018635B /* wobblyTexture.fs */ = {isa = PBXFileReference; fileEncoding = 4; lastKnownFileType = sourcecode.glsl; name = wobblyTexture.fs; path = glsl/wobblyTexture.fs; sourceTree = "<group>"; };
		F151169119E228EC0018635B /* bloom.fs */ = {isa = PBXFileReference; fileEncoding = 4; lastKnownFileType = sourcecode.glsl; name = bloom.fs; path = glsl/bloom.fs; sourceTree = "<group>"; };
		F156D08C1A16D9AD00C26739 /* unitManager.cpp */ = {isa = PBXFileReference; fileEncoding = 4; lastKnownFileType = sourcecode.cpp.cpp; path = unitManager.cpp; sourceTree = "<group>"; };
		F156D08D1A16D9AD00C26739 /* unitManager.h */ = {isa = PBXFileReference; fileEncoding = 4; lastKnownFileType = sourcecode.c.h; path = unitManager.h; sourceTree = "<group>"; };
		F156D08F1A1BA27A00C26739 /* missile1.obj */ = {isa = PBXFileReference; fileEncoding = 4; lastKnownFileType = text; path = missile1.obj; sourceTree = "<group>"; };
		F156D0911A1BA85500C26739 /* terran_corvette_small.obj */ = {isa = PBXFileReference; fileEncoding = 4; lastKnownFileType = text; path = terran_corvette_small.obj; sourceTree = "<group>"; };
		F15D70DC19CFD303008F6573 /* spatial.cpp */ = {isa = PBXFileReference; fileEncoding = 4; lastKnownFileType = sourcecode.cpp.cpp; path = spatial.cpp; sourceTree = "<group>"; };
		F15D70DD19CFD303008F6573 /* spatial.h */ = {isa = PBXFileReference; fileEncoding = 4; lastKnownFileType = sourcecode.c.h; path = spatial.h; sourceTree = "<group>"; };
		F15E8E9A19BD406B003E566C /* OGLShader.cpp */ = {isa = PBXFileReference; fileEncoding = 4; lastKnownFileType = sourcecode.cpp.cpp; path = OGLShader.cpp; sourceTree = "<group>"; };
		F15E8E9B19BD406B003E566C /* OGLShader.h */ = {isa = PBXFileReference; fileEncoding = 4; lastKnownFileType = sourcecode.c.h; path = OGLShader.h; sourceTree = "<group>"; };
		F15E8E9D19BD40C2003E566C /* includes.h */ = {isa = PBXFileReference; lastKnownFileType = sourcecode.c.h; path = includes.h; sourceTree = "<group>"; };
		F15E8E9F19BD4696003E566C /* GLPrimInternalData.h */ = {isa = PBXFileReference; fileEncoding = 4; lastKnownFileType = sourcecode.c.h; path = GLPrimInternalData.h; sourceTree = "<group>"; };
		F15E8EA019BD4696003E566C /* GLPrimitiveRenderer.cpp */ = {isa = PBXFileReference; fileEncoding = 4; lastKnownFileType = sourcecode.cpp.cpp; path = GLPrimitiveRenderer.cpp; sourceTree = "<group>"; };
		F15E8EA119BD4696003E566C /* GLPrimitiveRenderer.h */ = {isa = PBXFileReference; fileEncoding = 4; lastKnownFileType = sourcecode.c.h; path = GLPrimitiveRenderer.h; sourceTree = "<group>"; };
		F15E8EA219BD4696003E566C /* LoadShader.cpp */ = {isa = PBXFileReference; fileEncoding = 4; lastKnownFileType = sourcecode.cpp.cpp; path = LoadShader.cpp; sourceTree = "<group>"; };
		F15E8EA319BD4696003E566C /* LoadShader.h */ = {isa = PBXFileReference; fileEncoding = 4; lastKnownFileType = sourcecode.c.h; path = LoadShader.h; sourceTree = "<group>"; };
		F15E8EA419BD4696003E566C /* OpenGLInclude.h */ = {isa = PBXFileReference; fileEncoding = 4; lastKnownFileType = sourcecode.c.h; path = OpenGLInclude.h; sourceTree = "<group>"; };
		F15E8EB319BD47C9003E566C /* fontstash.cpp */ = {isa = PBXFileReference; fileEncoding = 4; lastKnownFileType = sourcecode.cpp.cpp; path = fontstash.cpp; sourceTree = "<group>"; };
		F15E8EB419BD47C9003E566C /* fontstash.h */ = {isa = PBXFileReference; fileEncoding = 4; lastKnownFileType = sourcecode.c.h; path = fontstash.h; sourceTree = "<group>"; };
		F15E8EB519BD47C9003E566C /* opengl_fontstashcallbacks.cpp */ = {isa = PBXFileReference; fileEncoding = 4; lastKnownFileType = sourcecode.cpp.cpp; path = opengl_fontstashcallbacks.cpp; sourceTree = "<group>"; };
		F15E8EB619BD47C9003E566C /* opengl_fontstashcallbacks.h */ = {isa = PBXFileReference; fileEncoding = 4; lastKnownFileType = sourcecode.c.h; path = opengl_fontstashcallbacks.h; sourceTree = "<group>"; };
		F15E8EB719BD47C9003E566C /* stb_image_write.h */ = {isa = PBXFileReference; fileEncoding = 4; lastKnownFileType = sourcecode.c.h; path = stb_image_write.h; sourceTree = "<group>"; };
		F15E8EB819BD47C9003E566C /* stb_truetype.h */ = {isa = PBXFileReference; fileEncoding = 4; lastKnownFileType = sourcecode.c.h; path = stb_truetype.h; sourceTree = "<group>"; };
		F1764D8119ECDE250031443F /* simplePassThrough.vs */ = {isa = PBXFileReference; fileEncoding = 4; lastKnownFileType = sourcecode.glsl; name = simplePassThrough.vs; path = glsl/simplePassThrough.vs; sourceTree = "<group>"; };
		F19330AA1AA552E3009B42B0 /* globe.cpp */ = {isa = PBXFileReference; fileEncoding = 4; lastKnownFileType = sourcecode.cpp.cpp; name = globe.cpp; path = GameObject/globe.cpp; sourceTree = "<group>"; };
		F19330AB1AA552E3009B42B0 /* globe.h */ = {isa = PBXFileReference; fileEncoding = 4; lastKnownFileType = sourcecode.c.h; name = globe.h; path = GameObject/globe.h; sourceTree = "<group>"; };
		F19330AD1AA570EB009B42B0 /* orbit.cpp */ = {isa = PBXFileReference; fileEncoding = 4; lastKnownFileType = sourcecode.cpp.cpp; name = orbit.cpp; path = GameObject/orbit.cpp; sourceTree = "<group>"; };
		F19330AE1AA570EB009B42B0 /* orbit.h */ = {isa = PBXFileReference; fileEncoding = 4; lastKnownFileType = sourcecode.c.h; name = orbit.h; path = GameObject/orbit.h; sourceTree = "<group>"; };
		F19330B21AA7FDA6009B42B0 /* shadowMap.h */ = {isa = PBXFileReference; fileEncoding = 4; lastKnownFileType = sourcecode.c.h; name = shadowMap.h; path = Shaders/shadowMap.h; sourceTree = "<group>"; };
		F19330B41AA8009C009B42B0 /* VertexArrayObject.h */ = {isa = PBXFileReference; lastKnownFileType = sourcecode.c.h; path = VertexArrayObject.h; sourceTree = "<group>"; };
		F19330B51AA80BC5009B42B0 /* Highpass.h */ = {isa = PBXFileReference; lastKnownFileType = sourcecode.c.h; name = Highpass.h; path = Shaders/Highpass.h; sourceTree = "<group>"; };
		F19330B61AA96AC3009B42B0 /* fxaa.h */ = {isa = PBXFileReference; lastKnownFileType = sourcecode.c.h; name = fxaa.h; path = Shaders/fxaa.h; sourceTree = "<group>"; };
		F19330B71AA96AD1009B42B0 /* composite.h */ = {isa = PBXFileReference; lastKnownFileType = sourcecode.c.h; name = composite.h; path = Shaders/composite.h; sourceTree = "<group>"; };
		F19330B91AA96B59009B42B0 /* blur.h */ = {isa = PBXFileReference; fileEncoding = 4; lastKnownFileType = sourcecode.c.h; name = blur.h; path = Shaders/blur.h; sourceTree = "<group>"; };
		F19330BB1AABC6D3009B42B0 /* ecs.h */ = {isa = PBXFileReference; lastKnownFileType = sourcecode.c.h; name = ecs.h; path = ECS/ecs.h; sourceTree = "<group>"; };
		F19330BC1AABE6A5009B42B0 /* ecs.cpp */ = {isa = PBXFileReference; fileEncoding = 4; lastKnownFileType = sourcecode.cpp.cpp; name = ecs.cpp; path = ECS/ecs.cpp; sourceTree = "<group>"; };
		F19330EC1AABECFF009B42B0 /* catch.hpp */ = {isa = PBXFileReference; fileEncoding = 4; lastKnownFileType = sourcecode.cpp.h; path = catch.hpp; sourceTree = "<group>"; };
		F19330ED1AABECFF009B42B0 /* simplesignal.h */ = {isa = PBXFileReference; fileEncoding = 4; lastKnownFileType = sourcecode.c.h; path = simplesignal.h; sourceTree = "<group>"; };
		F19330EF1AABECFF009B42B0 /* config.h */ = {isa = PBXFileReference; fileEncoding = 4; lastKnownFileType = sourcecode.c.h; name = config.h; path = entityx/config.h; sourceTree = SOURCE_ROOT; };
		F19330F01AABECFF009B42B0 /* config.h.in */ = {isa = PBXFileReference; fileEncoding = 4; lastKnownFileType = text; name = config.h.in; path = entityx/config.h.in; sourceTree = SOURCE_ROOT; };
		F19330F21AABECFF009B42B0 /* Dependencies.h */ = {isa = PBXFileReference; fileEncoding = 4; lastKnownFileType = sourcecode.c.h; path = Dependencies.h; sourceTree = "<group>"; };
		F19330F41AABECFF009B42B0 /* Entity.cc */ = {isa = PBXFileReference; fileEncoding = 4; lastKnownFileType = sourcecode.cpp.cpp; name = Entity.cc; path = entityx/Entity.cc; sourceTree = SOURCE_ROOT; };
		F19330F51AABECFF009B42B0 /* Entity.h */ = {isa = PBXFileReference; fileEncoding = 4; lastKnownFileType = sourcecode.c.h; name = Entity.h; path = entityx/Entity.h; sourceTree = SOURCE_ROOT; };
		F19330F71AABECFF009B42B0 /* entityx.h */ = {isa = PBXFileReference; fileEncoding = 4; lastKnownFileType = sourcecode.c.h; name = entityx.h; path = entityx/entityx.h; sourceTree = SOURCE_ROOT; };
		F19330F81AABECFF009B42B0 /* Event.cc */ = {isa = PBXFileReference; fileEncoding = 4; lastKnownFileType = sourcecode.cpp.cpp; name = Event.cc; path = entityx/Event.cc; sourceTree = SOURCE_ROOT; };
		F19330F91AABECFF009B42B0 /* Event.h */ = {isa = PBXFileReference; fileEncoding = 4; lastKnownFileType = sourcecode.c.h; name = Event.h; path = entityx/Event.h; sourceTree = SOURCE_ROOT; };
		F19330FC1AABECFF009B42B0 /* NonCopyable.h */ = {isa = PBXFileReference; fileEncoding = 4; lastKnownFileType = sourcecode.c.h; path = NonCopyable.h; sourceTree = "<group>"; };
		F19330FD1AABECFF009B42B0 /* Pool.cc */ = {isa = PBXFileReference; fileEncoding = 4; lastKnownFileType = sourcecode.cpp.cpp; path = Pool.cc; sourceTree = "<group>"; };
		F19330FE1AABECFF009B42B0 /* Pool.h */ = {isa = PBXFileReference; fileEncoding = 4; lastKnownFileType = sourcecode.c.h; path = Pool.h; sourceTree = "<group>"; };
		F19331001AABECFF009B42B0 /* Timer.cc */ = {isa = PBXFileReference; fileEncoding = 4; lastKnownFileType = sourcecode.cpp.cpp; path = Timer.cc; sourceTree = "<group>"; };
		F19331011AABECFF009B42B0 /* Timer.h */ = {isa = PBXFileReference; fileEncoding = 4; lastKnownFileType = sourcecode.c.h; path = Timer.h; sourceTree = "<group>"; };
		F19331021AABECFF009B42B0 /* quick.h */ = {isa = PBXFileReference; fileEncoding = 4; lastKnownFileType = sourcecode.c.h; name = quick.h; path = entityx/quick.h; sourceTree = SOURCE_ROOT; };
		F19331031AABECFF009B42B0 /* System.cc */ = {isa = PBXFileReference; fileEncoding = 4; lastKnownFileType = sourcecode.cpp.cpp; name = System.cc; path = entityx/System.cc; sourceTree = SOURCE_ROOT; };
		F19331041AABECFF009B42B0 /* System.h */ = {isa = PBXFileReference; fileEncoding = 4; lastKnownFileType = sourcecode.c.h; name = System.h; path = entityx/System.h; sourceTree = SOURCE_ROOT; };
		F19331071AABECFF009B42B0 /* TagsComponent.h */ = {isa = PBXFileReference; fileEncoding = 4; lastKnownFileType = sourcecode.c.h; path = TagsComponent.h; sourceTree = "<group>"; };
		F19331151AABEEDC009B42B0 /* componentTypes.h */ = {isa = PBXFileReference; lastKnownFileType = sourcecode.c.h; name = componentTypes.h; path = ECS/componentTypes.h; sourceTree = "<group>"; };
		F1B3C67018D935EC00971791 /* OrbitalVector */ = {isa = PBXFileReference; explicitFileType = "compiled.mach-o.executable"; includeInIndex = 0; path = OrbitalVector; sourceTree = BUILT_PRODUCTS_DIR; };
		F1B3C67318D935EC00971791 /* main.cpp */ = {isa = PBXFileReference; lastKnownFileType = sourcecode.cpp.cpp; path = main.cpp; sourceTree = "<group>"; };
		F1B3C67518D935EC00971791 /* GLFW3_test.1 */ = {isa = PBXFileReference; lastKnownFileType = text.man; path = GLFW3_test.1; sourceTree = "<group>"; };
		F1B3C67C18D9396300971791 /* libglfw3.a */ = {isa = PBXFileReference; lastKnownFileType = archive.ar; name = libglfw3.a; path = ../../../../../usr/local/lib/libglfw3.a; sourceTree = "<group>"; };
		F1B3C67E18D9397400971791 /* IOKit.framework */ = {isa = PBXFileReference; lastKnownFileType = wrapper.framework; name = IOKit.framework; path = System/Library/Frameworks/IOKit.framework; sourceTree = SDKROOT; };
		F1B3C68018D9397B00971791 /* Cocoa.framework */ = {isa = PBXFileReference; lastKnownFileType = wrapper.framework; name = Cocoa.framework; path = System/Library/Frameworks/Cocoa.framework; sourceTree = SDKROOT; };
		F1B3C68218D9398100971791 /* OpenGL.framework */ = {isa = PBXFileReference; lastKnownFileType = wrapper.framework; name = OpenGL.framework; path = System/Library/Frameworks/OpenGL.framework; sourceTree = SDKROOT; };
		F1B3C68418D93A5C00971791 /* QuartzCore.framework */ = {isa = PBXFileReference; lastKnownFileType = wrapper.framework; name = QuartzCore.framework; path = System/Library/Frameworks/QuartzCore.framework; sourceTree = SDKROOT; };
		F1B68A2D19FADF8F0094CC41 /* composite.fs */ = {isa = PBXFileReference; fileEncoding = 4; lastKnownFileType = sourcecode.glsl; name = composite.fs; path = glsl/composite.fs; sourceTree = "<group>"; };
		F1BB301019C1DB9200E349FE /* rk547m.cpp */ = {isa = PBXFileReference; fileEncoding = 4; lastKnownFileType = sourcecode.cpp.cpp; path = rk547m.cpp; sourceTree = "<group>"; };
		F1BB301119C1DB9200E349FE /* rk547m.h */ = {isa = PBXFileReference; fileEncoding = 4; lastKnownFileType = sourcecode.c.h; path = rk547m.h; sourceTree = "<group>"; };
		F1C8EFB719CD2B5B008CCC90 /* shipVertex.glsl */ = {isa = PBXFileReference; fileEncoding = 4; lastKnownFileType = text; name = shipVertex.glsl; path = glsl/shipVertex.glsl; sourceTree = "<group>"; };
		F1C8EFB819CD2B69008CCC90 /* shipFragment.glsl */ = {isa = PBXFileReference; fileEncoding = 4; lastKnownFileType = text; name = shipFragment.glsl; path = glsl/shipFragment.glsl; sourceTree = "<group>"; };
		F1C8EFBA19CD2C86008CCC90 /* jet.obj */ = {isa = PBXFileReference; fileEncoding = 4; lastKnownFileType = text; path = jet.obj; sourceTree = "<group>"; };
		F1C8EFBE19CE1B26008CCC90 /* tiny_obj_loader.cc */ = {isa = PBXFileReference; fileEncoding = 4; lastKnownFileType = sourcecode.cpp.cpp; path = tiny_obj_loader.cc; sourceTree = "<group>"; };
		F1C8EFBF19CE1B26008CCC90 /* tiny_obj_loader.h */ = {isa = PBXFileReference; fileEncoding = 4; lastKnownFileType = sourcecode.c.h; path = tiny_obj_loader.h; sourceTree = "<group>"; };
		F1D04FBD19FAC26B00B3520F /* passthrough.fs */ = {isa = PBXFileReference; fileEncoding = 4; lastKnownFileType = sourcecode.glsl; name = passthrough.fs; path = glsl/passthrough.fs; sourceTree = "<group>"; };
		F1D04FBE19FAC2A100B3520F /* fxaa.fs */ = {isa = PBXFileReference; fileEncoding = 4; lastKnownFileType = sourcecode.glsl; path = fxaa.fs; sourceTree = "<group>"; };
		F1D4680C1AA511CB00869C62 /* grid.cpp */ = {isa = PBXFileReference; fileEncoding = 4; lastKnownFileType = sourcecode.cpp.cpp; name = grid.cpp; path = GameObject/grid.cpp; sourceTree = "<group>"; };
		F1D4680D1AA511CB00869C62 /* grid.h */ = {isa = PBXFileReference; fileEncoding = 4; lastKnownFileType = sourcecode.c.h; name = grid.h; path = GameObject/grid.h; sourceTree = "<group>"; };
		F1DBBA1019F6758F0022F107 /* GPUTimer.cpp */ = {isa = PBXFileReference; fileEncoding = 4; lastKnownFileType = sourcecode.cpp.cpp; path = GPUTimer.cpp; sourceTree = "<group>"; };
		F1DBBA1119F6758F0022F107 /* GPUTimer.h */ = {isa = PBXFileReference; fileEncoding = 4; lastKnownFileType = sourcecode.c.h; path = GPUTimer.h; sourceTree = "<group>"; };
		F1EAC3401A07E110006B29CB /* square.obj */ = {isa = PBXFileReference; fileEncoding = 4; lastKnownFileType = text; path = square.obj; sourceTree = "<group>"; };
		F1EAC3421A07E547006B29CB /* square_bracket.obj */ = {isa = PBXFileReference; fileEncoding = 4; lastKnownFileType = text; path = square_bracket.obj; sourceTree = "<group>"; };
		F1EAC3441A07E8F1006B29CB /* square_bracket2.obj */ = {isa = PBXFileReference; fileEncoding = 4; lastKnownFileType = text; path = square_bracket2.obj; sourceTree = "<group>"; };
		F1EAC3461A0811BD006B29CB /* spriteVertex.glsl */ = {isa = PBXFileReference; fileEncoding = 4; lastKnownFileType = text; name = spriteVertex.glsl; path = glsl/spriteVertex.glsl; sourceTree = "<group>"; };
		F1EAC3471A0811D1006B29CB /* spriteFragment.glsl */ = {isa = PBXFileReference; fileEncoding = 4; lastKnownFileType = text; name = spriteFragment.glsl; path = glsl/spriteFragment.glsl; sourceTree = "<group>"; };
		F1EAC34A1A0B1DDB006B29CB /* unit.cpp */ = {isa = PBXFileReference; fileEncoding = 4; lastKnownFileType = sourcecode.cpp.cpp; path = unit.cpp; sourceTree = "<group>"; };
		F1EAC34B1A0B1DDB006B29CB /* unit.h */ = {isa = PBXFileReference; fileEncoding = 4; lastKnownFileType = sourcecode.c.h; path = unit.h; sourceTree = "<group>"; };
		F1EAC34D1A0BDE42006B29CB /* renderer.cpp */ = {isa = PBXFileReference; fileEncoding = 4; lastKnownFileType = sourcecode.cpp.cpp; path = renderer.cpp; sourceTree = "<group>"; };
		F1EAC34E1A0BDE42006B29CB /* renderer.h */ = {isa = PBXFileReference; fileEncoding = 4; lastKnownFileType = sourcecode.c.h; path = renderer.h; sourceTree = "<group>"; };
		F1F5236219E9D11D00B860DC /* highpass.fs */ = {isa = PBXFileReference; fileEncoding = 4; lastKnownFileType = sourcecode.glsl; name = highpass.fs; path = glsl/highpass.fs; sourceTree = "<group>"; };
		F1F5236419EA2F2E00B860DC /* depth.fs */ = {isa = PBXFileReference; fileEncoding = 4; lastKnownFileType = sourcecode.glsl; name = depth.fs; path = glsl/depth.fs; sourceTree = "<group>"; };
		F1FDDCF819BE68D4009CFEB0 /* GLError.cpp */ = {isa = PBXFileReference; fileEncoding = 4; lastKnownFileType = sourcecode.cpp.cpp; path = GLError.cpp; sourceTree = "<group>"; };
		F1FDDCF919BE68D4009CFEB0 /* GLError.h */ = {isa = PBXFileReference; fileEncoding = 4; lastKnownFileType = sourcecode.c.h; path = GLError.h; sourceTree = "<group>"; };
/* End PBXFileReference section */

/* Begin PBXFrameworksBuildPhase section */
		F1B3C66D18D935EC00971791 /* Frameworks */ = {
			isa = PBXFrameworksBuildPhase;
			buildActionMask = 2147483647;
			files = (
				F159FF4D18DA86650003FF56 /* libglfw3.a in Frameworks */,
				F1B3C68518D93A5C00971791 /* QuartzCore.framework in Frameworks */,
				F1B3C68318D9398100971791 /* OpenGL.framework in Frameworks */,
				F1B3C68118D9397B00971791 /* Cocoa.framework in Frameworks */,
				F1B3C67F18D9397400971791 /* IOKit.framework in Frameworks */,
			);
			runOnlyForDeploymentPostprocessing = 0;
		};
/* End PBXFrameworksBuildPhase section */

/* Begin PBXGroup section */
		F1011C6919C6933D00602446 /* glsl */ = {
			isa = PBXGroup;
			children = (
				F151168E19E17D690018635B /* wobblyTexture.fs */,
				F151169119E228EC0018635B /* bloom.fs */,
				F1B68A2D19FADF8F0094CC41 /* composite.fs */,
				F1F5236419EA2F2E00B860DC /* depth.fs */,
				F1D04FBE19FAC2A100B3520F /* fxaa.fs */,
				F1F5236219E9D11D00B860DC /* highpass.fs */,
				F151168D19E17D690018635B /* passthrough.vs */,
				F1D04FBD19FAC26B00B3520F /* passthrough.fs */,
				F1764D8119ECDE250031443F /* simplePassThrough.vs */,
				F1011C6B19C6953900602446 /* lineFragment.glsl */,
				F1011C6C19C6953900602446 /* lineVertex.glsl */,
				F1011C6D19C6953900602446 /* planetFragment.glsl */,
				F1011C6E19C6953900602446 /* planetVertex.glsl */,
				F1EAC3461A0811BD006B29CB /* spriteVertex.glsl */,
				F1EAC3471A0811D1006B29CB /* spriteFragment.glsl */,
				F1C8EFB819CD2B69008CCC90 /* shipFragment.glsl */,
				F1C8EFB719CD2B5B008CCC90 /* shipVertex.glsl */,
			);
			name = glsl;
			sourceTree = "<group>";
		};
		F15E8E9E19BD4696003E566C /* rendertest */ = {
			isa = PBXGroup;
			children = (
				F15E8E9F19BD4696003E566C /* GLPrimInternalData.h */,
				F15E8EA019BD4696003E566C /* GLPrimitiveRenderer.cpp */,
				F15E8EA119BD4696003E566C /* GLPrimitiveRenderer.h */,
				F15E8EA219BD4696003E566C /* LoadShader.cpp */,
				F15E8EA319BD4696003E566C /* LoadShader.h */,
				F15E8EA419BD4696003E566C /* OpenGLInclude.h */,
			);
			path = rendertest;
			sourceTree = "<group>";
		};
		F15E8EB219BD47C9003E566C /* fontstash */ = {
			isa = PBXGroup;
			children = (
				F15E8EB319BD47C9003E566C /* fontstash.cpp */,
				F15E8EB419BD47C9003E566C /* fontstash.h */,
				F15E8EB519BD47C9003E566C /* opengl_fontstashcallbacks.cpp */,
				F15E8EB619BD47C9003E566C /* opengl_fontstashcallbacks.h */,
				F15E8EB719BD47C9003E566C /* stb_image_write.h */,
				F15E8EB819BD47C9003E566C /* stb_truetype.h */,
			);
			path = fontstash;
			sourceTree = "<group>";
		};
		F19330B01AA7FD55009B42B0 /* Shaders */ = {
			isa = PBXGroup;
			children = (
				F19330B21AA7FDA6009B42B0 /* shadowMap.h */,
				F19330B91AA96B59009B42B0 /* blur.h */,
				F19330B51AA80BC5009B42B0 /* Highpass.h */,
				F19330B61AA96AC3009B42B0 /* fxaa.h */,
				F19330B71AA96AD1009B42B0 /* composite.h */,
			);
			name = Shaders;
			sourceTree = "<group>";
		};
		F19330BA1AABC6A4009B42B0 /* ECS */ = {
			isa = PBXGroup;
			children = (
				F19330BB1AABC6D3009B42B0 /* ecs.h */,
				F19331151AABEEDC009B42B0 /* componentTypes.h */,
				F19330BC1AABE6A5009B42B0 /* ecs.cpp */,
			);
			name = ECS;
			sourceTree = "<group>";
		};
		F19330EA1AABECFF009B42B0 /* entityx */ = {
			isa = PBXGroup;
			children = (
				F19330EB1AABECFF009B42B0 /* 3rdparty */,
				F19330EF1AABECFF009B42B0 /* config.h */,
				F19330F01AABECFF009B42B0 /* config.h.in */,
				F19330F11AABECFF009B42B0 /* deps */,
				F19330F41AABECFF009B42B0 /* Entity.cc */,
				F19330F51AABECFF009B42B0 /* Entity.h */,
				F19330F71AABECFF009B42B0 /* entityx.h */,
				F19330F81AABECFF009B42B0 /* Event.cc */,
				F19330F91AABECFF009B42B0 /* Event.h */,
				F19330FB1AABECFF009B42B0 /* help */,
				F19331021AABECFF009B42B0 /* quick.h */,
				F19331031AABECFF009B42B0 /* System.cc */,
				F19331041AABECFF009B42B0 /* System.h */,
				F19331061AABECFF009B42B0 /* tags */,
			);
			path = entityx;
			sourceTree = SOURCE_ROOT;
		};
		F19330EB1AABECFF009B42B0 /* 3rdparty */ = {
			isa = PBXGroup;
			children = (
				F19330EC1AABECFF009B42B0 /* catch.hpp */,
				F19330ED1AABECFF009B42B0 /* simplesignal.h */,
			);
			name = 3rdparty;
			path = entityx/3rdparty;
			sourceTree = SOURCE_ROOT;
		};
		F19330F11AABECFF009B42B0 /* deps */ = {
			isa = PBXGroup;
			children = (
				F19330F21AABECFF009B42B0 /* Dependencies.h */,
			);
			name = deps;
			path = entityx/deps;
			sourceTree = SOURCE_ROOT;
		};
		F19330FB1AABECFF009B42B0 /* help */ = {
			isa = PBXGroup;
			children = (
				F19330FC1AABECFF009B42B0 /* NonCopyable.h */,
				F19330FD1AABECFF009B42B0 /* Pool.cc */,
				F19330FE1AABECFF009B42B0 /* Pool.h */,
				F19331001AABECFF009B42B0 /* Timer.cc */,
				F19331011AABECFF009B42B0 /* Timer.h */,
			);
			name = help;
			path = entityx/help;
			sourceTree = SOURCE_ROOT;
		};
		F19331061AABECFF009B42B0 /* tags */ = {
			isa = PBXGroup;
			children = (
				F19331071AABECFF009B42B0 /* TagsComponent.h */,
			);
			path = tags;
			sourceTree = "<group>";
		};
		F1B3C66718D935EC00971791 = {
			isa = PBXGroup;
			children = (
				F1B3C68418D93A5C00971791 /* QuartzCore.framework */,
				F1B3C68218D9398100971791 /* OpenGL.framework */,
				F1B3C68018D9397B00971791 /* Cocoa.framework */,
				F1B3C67E18D9397400971791 /* IOKit.framework */,
				F1B3C67C18D9396300971791 /* libglfw3.a */,
				F19330EA1AABECFF009B42B0 /* entityx */,
				F1B3C67218D935EC00971791 /* OrbitalVector */,
				F1011C6919C6933D00602446 /* glsl */,
				F15E8E9E19BD4696003E566C /* rendertest */,
				F15E8EB219BD47C9003E566C /* fontstash */,
				F1B3C67118D935EC00971791 /* Products */,
				F1C8EFB919CD2C86008CCC90 /* assets */,
			);
			sourceTree = "<group>";
		};
		F1B3C67118D935EC00971791 /* Products */ = {
			isa = PBXGroup;
			children = (
				F1B3C67018D935EC00971791 /* OrbitalVector */,
			);
			name = Products;
			sourceTree = "<group>";
		};
		F1B3C67218D935EC00971791 /* OrbitalVector */ = {
			isa = PBXGroup;
			children = (
				F1B3C67318D935EC00971791 /* main.cpp */,
				F1011C6519C68C6700602446 /* scene.cpp */,
				F1011C6619C68C6700602446 /* scene.h */,
				F151168B19DE1FE50018635B /* gameLogic.h */,
				F151168A19DE1FE50018635B /* gameLogic.cpp */,
				F19330BA1AABC6A4009B42B0 /* ECS */,
				F1D4680B1AA5116C00869C62 /* GameObject */,
				F1D4680A1AA50BFA00869C62 /* Rendering */,
				F19330B01AA7FD55009B42B0 /* Shaders */,
				F156D08C1A16D9AD00C26739 /* unitManager.cpp */,
				F156D08D1A16D9AD00C26739 /* unitManager.h */,
				F1EAC34A1A0B1DDB006B29CB /* unit.cpp */,
				F1EAC34B1A0B1DDB006B29CB /* unit.h */,
				F111F26C19D9E94200DD4439 /* input.cpp */,
				F111F26D19D9E94200DD4439 /* input.h */,
				F111F26919D48F8C00DD4439 /* text.cpp */,
				F111F26A19D48F8C00DD4439 /* text.h */,
				F15D70DC19CFD303008F6573 /* spatial.cpp */,
				F15D70DD19CFD303008F6573 /* spatial.h */,
				F1C8EFBE19CE1B26008CCC90 /* tiny_obj_loader.cc */,
				F1C8EFBF19CE1B26008CCC90 /* tiny_obj_loader.h */,
				F1BB301019C1DB9200E349FE /* rk547m.cpp */,
				F1BB301119C1DB9200E349FE /* rk547m.h */,
				F1011C6219C5F45A00602446 /* camera.cpp */,
				F1011C6319C5F45A00602446 /* camera.h */,
				F1DBBA1019F6758F0022F107 /* GPUTimer.cpp */,
				F1DBBA1119F6758F0022F107 /* GPUTimer.h */,
				F1011C7619C7F17200602446 /* includes.cpp */,
				F15E8E9D19BD40C2003E566C /* includes.h */,
				F1B3C67518D935EC00971791 /* GLFW3_test.1 */,
				F1FDDCF819BE68D4009CFEB0 /* GLError.cpp */,
				F1FDDCF919BE68D4009CFEB0 /* GLError.h */,
			);
			path = OrbitalVector;
			sourceTree = "<group>";
		};
		F1C8EFB919CD2C86008CCC90 /* assets */ = {
			isa = PBXGroup;
			children = (
				F156D0911A1BA85500C26739 /* terran_corvette_small.obj */,
				F156D08F1A1BA27A00C26739 /* missile1.obj */,
				F1EAC3441A07E8F1006B29CB /* square_bracket2.obj */,
				F1EAC3421A07E547006B29CB /* square_bracket.obj */,
				F1EAC3401A07E110006B29CB /* square.obj */,
				F144C6D619E3636100C848B9 /* DroidSerif-Regular.ttf */,
				F144C6D419E2DA8800C848B9 /* terran_corvette.obj */,
				F1C8EFBA19CD2C86008CCC90 /* jet.obj */,
			);
			path = assets;
			sourceTree = "<group>";
		};
		F1D4680A1AA50BFA00869C62 /* Rendering */ = {
			isa = PBXGroup;
			children = (
				F1EAC34D1A0BDE42006B29CB /* renderer.cpp */,
				F1EAC34E1A0BDE42006B29CB /* renderer.h */,
				F15E8E9A19BD406B003E566C /* OGLShader.cpp */,
				F15E8E9B19BD406B003E566C /* OGLShader.h */,
				F19330B41AA8009C009B42B0 /* VertexArrayObject.h */,
			);
			path = Rendering;
			sourceTree = "<group>";
		};
		F1D4680B1AA5116C00869C62 /* GameObject */ = {
			isa = PBXGroup;
			children = (
				F1D4680C1AA511CB00869C62 /* grid.cpp */,
				F1D4680D1AA511CB00869C62 /* grid.h */,
				F19330AA1AA552E3009B42B0 /* globe.cpp */,
				F19330AB1AA552E3009B42B0 /* globe.h */,
				F19330AD1AA570EB009B42B0 /* orbit.cpp */,
				F19330AE1AA570EB009B42B0 /* orbit.h */,
			);
			name = GameObject;
			sourceTree = "<group>";
		};
/* End PBXGroup section */

/* Begin PBXNativeTarget section */
		F1B3C66F18D935EC00971791 /* OrbitalVector */ = {
			isa = PBXNativeTarget;
			buildConfigurationList = F1B3C67918D935EC00971791 /* Build configuration list for PBXNativeTarget "OrbitalVector" */;
			buildPhases = (
				F1B3C66C18D935EC00971791 /* Sources */,
				F1B3C66D18D935EC00971791 /* Frameworks */,
				F1B3C66E18D935EC00971791 /* CopyFiles */,
			);
			buildRules = (
			);
			dependencies = (
			);
			name = OrbitalVector;
			productName = GLFW3_test;
			productReference = F1B3C67018D935EC00971791 /* OrbitalVector */;
			productType = "com.apple.product-type.tool";
		};
/* End PBXNativeTarget section */

/* Begin PBXProject section */
		F1B3C66818D935EC00971791 /* Project object */ = {
			isa = PBXProject;
			attributes = {
				LastUpgradeCheck = 0510;
				ORGANIZATIONNAME = "Si Li";
			};
			buildConfigurationList = F1B3C66B18D935EC00971791 /* Build configuration list for PBXProject "OrbitalVector" */;
			compatibilityVersion = "Xcode 3.2";
			developmentRegion = English;
			hasScannedForEncodings = 0;
			knownRegions = (
				en,
			);
			mainGroup = F1B3C66718D935EC00971791;
			productRefGroup = F1B3C67118D935EC00971791 /* Products */;
			projectDirPath = "";
			projectRoot = "";
			targets = (
				F1B3C66F18D935EC00971791 /* OrbitalVector */,
			);
		};
/* End PBXProject section */

/* Begin PBXSourcesBuildPhase section */
		F1B3C66C18D935EC00971791 /* Sources */ = {
			isa = PBXSourcesBuildPhase;
			buildActionMask = 2147483647;
			files = (
				F151168C19DE1FE50018635B /* gameLogic.cpp in Sources */,
				F19331111AABECFF009B42B0 /* Timer.cc in Sources */,
				F1011C6719C68C6700602446 /* scene.cpp in Sources */,
				F15E8E9C19BD406B003E566C /* OGLShader.cpp in Sources */,
				F19330BD1AABE6A5009B42B0 /* ecs.cpp in Sources */,
				F19330AC1AA552E3009B42B0 /* globe.cpp in Sources */,
				F15E8EB919BD47C9003E566C /* fontstash.cpp in Sources */,
				F1FDDCFA19BE68D4009CFEB0 /* GLError.cpp in Sources */,
				F193310F1AABECFF009B42B0 /* Pool.cc in Sources */,
				F1011C7719C7F17200602446 /* includes.cpp in Sources */,
				F1DBBA1219F6758F0022F107 /* GPUTimer.cpp in Sources */,
				F19330AF1AA570EB009B42B0 /* orbit.cpp in Sources */,
				F1B3C67418D935EC00971791 /* main.cpp in Sources */,
				F1011C6419C5F45A00602446 /* camera.cpp in Sources */,
				F156D08E1A16D9AD00C26739 /* unitManager.cpp in Sources */,
				F111F26B19D48F8C00DD4439 /* text.cpp in Sources */,
				F15E8EA619BD4696003E566C /* LoadShader.cpp in Sources */,
				F1EAC34F1A0BDE42006B29CB /* renderer.cpp in Sources */,
				F111F26E19D9E94200DD4439 /* input.cpp in Sources */,
				F1EAC34C1A0B1DDB006B29CB /* unit.cpp in Sources */,
				F1BB301219C1DB9200E349FE /* rk547m.cpp in Sources */,
				F193310B1AABECFF009B42B0 /* Entity.cc in Sources */,
				F15E8EBA19BD47C9003E566C /* opengl_fontstashcallbacks.cpp in Sources */,
				F19331121AABECFF009B42B0 /* System.cc in Sources */,
				F15E8EA519BD4696003E566C /* GLPrimitiveRenderer.cpp in Sources */,
				F1D4680E1AA511CB00869C62 /* grid.cpp in Sources */,
				F15D70DE19CFD303008F6573 /* spatial.cpp in Sources */,
				F193310D1AABECFF009B42B0 /* Event.cc in Sources */,
				F1C8EFC019CE1B26008CCC90 /* tiny_obj_loader.cc in Sources */,
			);
			runOnlyForDeploymentPostprocessing = 0;
		};
/* End PBXSourcesBuildPhase section */

/* Begin XCBuildConfiguration section */
		F1B3C67718D935EC00971791 /* Debug */ = {
			isa = XCBuildConfiguration;
			buildSettings = {
				ALWAYS_SEARCH_USER_PATHS = NO;
				CLANG_CXX_LANGUAGE_STANDARD = "gnu++0x";
				CLANG_CXX_LIBRARY = "libc++";
				CLANG_ENABLE_MODULES = YES;
				CLANG_ENABLE_OBJC_ARC = YES;
				CLANG_WARN_BOOL_CONVERSION = YES;
				CLANG_WARN_CONSTANT_CONVERSION = YES;
				CLANG_WARN_DIRECT_OBJC_ISA_USAGE = YES_ERROR;
				CLANG_WARN_EMPTY_BODY = YES;
				CLANG_WARN_ENUM_CONVERSION = YES;
				CLANG_WARN_INT_CONVERSION = YES;
				CLANG_WARN_OBJC_ROOT_CLASS = YES_ERROR;
				CLANG_WARN__DUPLICATE_METHOD_MATCH = YES;
				COPY_PHASE_STRIP = NO;
				GCC_C_LANGUAGE_STANDARD = gnu99;
				GCC_DYNAMIC_NO_PIC = NO;
				GCC_ENABLE_OBJC_EXCEPTIONS = YES;
				GCC_OPTIMIZATION_LEVEL = 0;
				GCC_PREPROCESSOR_DEFINITIONS = (
					"DEBUG=1",
					"$(inherited)",
				);
				GCC_SYMBOLS_PRIVATE_EXTERN = NO;
				GCC_WARN_64_TO_32_BIT_CONVERSION = YES;
				GCC_WARN_ABOUT_RETURN_TYPE = YES_ERROR;
				GCC_WARN_UNDECLARED_SELECTOR = YES;
				GCC_WARN_UNINITIALIZED_AUTOS = YES_AGGRESSIVE;
				GCC_WARN_UNUSED_FUNCTION = YES;
				GCC_WARN_UNUSED_VARIABLE = YES;
				MACOSX_DEPLOYMENT_TARGET = 10.9;
				ONLY_ACTIVE_ARCH = YES;
				SDKROOT = macosx;
			};
			name = Debug;
		};
		F1B3C67818D935EC00971791 /* Release */ = {
			isa = XCBuildConfiguration;
			buildSettings = {
				ALWAYS_SEARCH_USER_PATHS = NO;
				CLANG_CXX_LANGUAGE_STANDARD = "gnu++0x";
				CLANG_CXX_LIBRARY = "libc++";
				CLANG_ENABLE_MODULES = YES;
				CLANG_ENABLE_OBJC_ARC = YES;
				CLANG_WARN_BOOL_CONVERSION = YES;
				CLANG_WARN_CONSTANT_CONVERSION = YES;
				CLANG_WARN_DIRECT_OBJC_ISA_USAGE = YES_ERROR;
				CLANG_WARN_EMPTY_BODY = YES;
				CLANG_WARN_ENUM_CONVERSION = YES;
				CLANG_WARN_INT_CONVERSION = YES;
				CLANG_WARN_OBJC_ROOT_CLASS = YES_ERROR;
				CLANG_WARN__DUPLICATE_METHOD_MATCH = YES;
				COPY_PHASE_STRIP = YES;
				DEBUG_INFORMATION_FORMAT = "dwarf-with-dsym";
				ENABLE_NS_ASSERTIONS = NO;
				GCC_C_LANGUAGE_STANDARD = gnu99;
				GCC_ENABLE_OBJC_EXCEPTIONS = YES;
				GCC_WARN_64_TO_32_BIT_CONVERSION = YES;
				GCC_WARN_ABOUT_RETURN_TYPE = YES_ERROR;
				GCC_WARN_UNDECLARED_SELECTOR = YES;
				GCC_WARN_UNINITIALIZED_AUTOS = YES_AGGRESSIVE;
				GCC_WARN_UNUSED_FUNCTION = YES;
				GCC_WARN_UNUSED_VARIABLE = YES;
				MACOSX_DEPLOYMENT_TARGET = 10.9;
				SDKROOT = macosx;
			};
			name = Release;
		};
		F1B3C67A18D935EC00971791 /* Debug */ = {
			isa = XCBuildConfiguration;
			buildSettings = {
				ALWAYS_SEARCH_USER_PATHS = YES;
				CLANG_WARN_DOCUMENTATION_COMMENTS = YES;
				HEADER_SEARCH_PATHS = (
					"$(SRCROOT)/lib/glm/",
					"$(SRCROOT)/lib/glew/include/",
					"$(inherited)",
					/Applications/Xcode.app/Contents/Developer/Toolchains/XcodeDefault.xctoolchain/usr/include,
					/usr/include/,
					/usr/local/include/,
					/usr/local/Cellar/glew/1.11.0/include/,
					"$(SRCROOT)",
					"$(SRCROOT)/ECS/",
				);
				LIBRARY_SEARCH_PATHS = (
					/usr/local/lib/,
					/usr/local/Cellar/glew/1.11.0/lib,
				);
				OTHER_CFLAGS = "-O0";
				OTHER_LDFLAGS = "-lGLEW";
				PRODUCT_NAME = OrbitalVector;
			};
			name = Debug;
		};
		F1B3C67B18D935EC00971791 /* Release */ = {
			isa = XCBuildConfiguration;
			buildSettings = {
				ALWAYS_SEARCH_USER_PATHS = YES;
				CLANG_WARN_DOCUMENTATION_COMMENTS = YES;
				HEADER_SEARCH_PATHS = (
					"$(SRCROOT)/lib/glm/",
					"$(SRCROOT)/lib/glew/include/",
					"$(inherited)",
					/Applications/Xcode.app/Contents/Developer/Toolchains/XcodeDefault.xctoolchain/usr/include,
					/usr/include/,
					/usr/local/include/,
					/usr/local/Cellar/glew/1.11.0/include/,
					"$(SRCROOT)",
					"$(SRCROOT)/ECS/",
				);
				LIBRARY_SEARCH_PATHS = (
					/usr/local/lib/,
					/usr/local/Cellar/glew/1.11.0/lib,
				);
				OTHER_CFLAGS = "-O0";
				OTHER_LDFLAGS = "-lGLEW";
				PRODUCT_NAME = OrbitalVector;
			};
			name = Release;
		};
/* End XCBuildConfiguration section */

/* Begin XCConfigurationList section */
		F1B3C66B18D935EC00971791 /* Build configuration list for PBXProject "OrbitalVector" */ = {
			isa = XCConfigurationList;
			buildConfigurations = (
				F1B3C67718D935EC00971791 /* Debug */,
				F1B3C67818D935EC00971791 /* Release */,
			);
			defaultConfigurationIsVisible = 0;
			defaultConfigurationName = Release;
		};
		F1B3C67918D935EC00971791 /* Build configuration list for PBXNativeTarget "OrbitalVector" */ = {
			isa = XCConfigurationList;
			buildConfigurations = (
				F1B3C67A18D935EC00971791 /* Debug */,
				F1B3C67B18D935EC00971791 /* Release */,
			);
			defaultConfigurationIsVisible = 0;
			defaultConfigurationName = Release;
		};
/* End XCConfigurationList section */
	};
	rootObject = F1B3C66818D935EC00971791 /* Project object */;
}
